
Microsoft Visual Studio Solution File, Format Version 12.00
# Visual Studio Version 16
VisualStudioVersion = 16.0.31624.102
MinimumVisualStudioVersion = 10.0.40219.1
Project("{9A19103F-16F7-4668-BE54-9A1E7A4F7556}") = "opg-4-simple-rest-service", "opg-4-simple-rest-service.csproj", "{BD631803-A95E-47ED-8953-4D6F1DF4E61A}"
EndProject
Global
	GlobalSection(SolutionConfigurationPlatforms) = preSolution
		Debug|Any CPU = Debug|Any CPU
		Release|Any CPU = Release|Any CPU
	EndGlobalSection
	GlobalSection(ProjectConfigurationPlatforms) = postSolution
		{BD631803-A95E-47ED-8953-4D6F1DF4E61A}.Debug|Any CPU.ActiveCfg = Debug|Any CPU
		{BD631803-A95E-47ED-8953-4D6F1DF4E61A}.Debug|Any CPU.Build.0 = Debug|Any CPU
		{BD631803-A95E-47ED-8953-4D6F1DF4E61A}.Release|Any CPU.ActiveCfg = Release|Any CPU
		{BD631803-A95E-47ED-8953-4D6F1DF4E61A}.Release|Any CPU.Build.0 = Release|Any CPU
	EndGlobalSection
	GlobalSection(SolutionProperties) = preSolution
		HideSolutionNode = FALSE
	EndGlobalSection
	GlobalSection(ExtensibilityGlobals) = postSolution
		SolutionGuid = {052F7295-6CB8-4784-AE0F-B31AAFE25C0E}
	EndGlobalSection
EndGlobal
